{
  "name": "ds-ms-exemplo-consumo",
  "version": "1.0.0",
  "lockfileVersion": 3,
  "requires": true,
  "packages": {
    "": {
      "name": "ds-ms-exemplo-consumo",
      "version": "1.0.0",
      "dependencies": {
        "@design-system-ms/ds-sis": "^0.1.0"
      }
    },
    "node_modules/@design-system-ms/ds-sis": {
      "version": "0.1.0",
      "resolved": "https://registry.npmjs.org/@design-system-ms/ds-sis/-/ds-sis-0.1.0.tgz",
      "integrity": "sha512-0HtjClnzjPjf3r1nKES0xknpYoFxiJdz7ggb8CRqKyKLlvSUDVPDbbguWV3cZ4lVCuaLQUTs+wUThrEHRbcOcg==",
      "license": "MIT"
    }
  }
}
